
Microsoft Visual Studio Solution File, Format Version 12.00
# Visual Studio Version 17
VisualStudioVersion = 17.1.32414.318
MinimumVisualStudioVersion = 10.0.40219.1
Project("{9A19103F-16F7-4668-BE54-9A1E7A4F7556}") = "FileVisitor", "FileVisitor\FileVisitor.csproj", "{F4E6A60D-17ED-45DC-B78C-C79A9FEC0501}"
EndProject
Project("{FAE04EC0-301F-11D3-BF4B-00C04F79EFBC}") = "FileVisitorTests", "FileVisitorTests\FileVisitorTests.csproj", "{6FC0FDA5-2BFC-4247-9501-120DBB572463}"
EndProject
Global
	GlobalSection(SolutionConfigurationPlatforms) = preSolution
		Debug|Any CPU = Debug|Any CPU
		Release|Any CPU = Release|Any CPU
	EndGlobalSection
	GlobalSection(ProjectConfigurationPlatforms) = postSolution
		{F4E6A60D-17ED-45DC-B78C-C79A9FEC0501}.Debug|Any CPU.ActiveCfg = Debug|Any CPU
		{F4E6A60D-17ED-45DC-B78C-C79A9FEC0501}.Debug|Any CPU.Build.0 = Debug|Any CPU
		{F4E6A60D-17ED-45DC-B78C-C79A9FEC0501}.Release|Any CPU.ActiveCfg = Release|Any CPU
		{F4E6A60D-17ED-45DC-B78C-C79A9FEC0501}.Release|Any CPU.Build.0 = Release|Any CPU
		{6FC0FDA5-2BFC-4247-9501-120DBB572463}.Debug|Any CPU.ActiveCfg = Debug|Any CPU
		{6FC0FDA5-2BFC-4247-9501-120DBB572463}.Debug|Any CPU.Build.0 = Debug|Any CPU
		{6FC0FDA5-2BFC-4247-9501-120DBB572463}.Release|Any CPU.ActiveCfg = Release|Any CPU
		{6FC0FDA5-2BFC-4247-9501-120DBB572463}.Release|Any CPU.Build.0 = Release|Any CPU
	EndGlobalSection
	GlobalSection(SolutionProperties) = preSolution
		HideSolutionNode = FALSE
	EndGlobalSection
	GlobalSection(ExtensibilityGlobals) = postSolution
		SolutionGuid = {41CA9BF8-5BA7-4332-859A-1BE56AB585FE}
	EndGlobalSection
EndGlobal
