
Microsoft Visual Studio Solution File, Format Version 12.00
# Visual Studio Version 17
VisualStudioVersion = 17.1.32414.318
MinimumVisualStudioVersion = 10.0.40219.1
Project("{FAE04EC0-301F-11D3-BF4B-00C04F79EFBC}") = "ConsoleApp1", "ConsoleApp1\ConsoleApp1.csproj", "{2C66B00F-34E1-4829-A844-8AAF0B583FC5}"
EndProject
Project("{FAE04EC0-301F-11D3-BF4B-00C04F79EFBC}") = "WinFormsApp1", "WinFormsApp1\WinFormsApp1.csproj", "{F96AD8C2-F9DB-4530-9D32-86F7B8F91A3A}"
EndProject
Project("{FAE04EC0-301F-11D3-BF4B-00C04F79EFBC}") = "ClassLibrary1", "ClassLibrary1\ClassLibrary1.csproj", "{1C30F4A8-BC7C-4348-802B-EF2F52980942}"
EndProject
Global
	GlobalSection(SolutionConfigurationPlatforms) = preSolution
		Debug|Any CPU = Debug|Any CPU
		Release|Any CPU = Release|Any CPU
	EndGlobalSection
	GlobalSection(ProjectConfigurationPlatforms) = postSolution
		{2C66B00F-34E1-4829-A844-8AAF0B583FC5}.Debug|Any CPU.ActiveCfg = Debug|Any CPU
		{2C66B00F-34E1-4829-A844-8AAF0B583FC5}.Debug|Any CPU.Build.0 = Debug|Any CPU
		{2C66B00F-34E1-4829-A844-8AAF0B583FC5}.Release|Any CPU.ActiveCfg = Release|Any CPU
		{2C66B00F-34E1-4829-A844-8AAF0B583FC5}.Release|Any CPU.Build.0 = Release|Any CPU
		{F96AD8C2-F9DB-4530-9D32-86F7B8F91A3A}.Debug|Any CPU.ActiveCfg = Debug|Any CPU
		{F96AD8C2-F9DB-4530-9D32-86F7B8F91A3A}.Debug|Any CPU.Build.0 = Debug|Any CPU
		{F96AD8C2-F9DB-4530-9D32-86F7B8F91A3A}.Release|Any CPU.ActiveCfg = Release|Any CPU
		{F96AD8C2-F9DB-4530-9D32-86F7B8F91A3A}.Release|Any CPU.Build.0 = Release|Any CPU
		{1C30F4A8-BC7C-4348-802B-EF2F52980942}.Debug|Any CPU.ActiveCfg = Debug|Any CPU
		{1C30F4A8-BC7C-4348-802B-EF2F52980942}.Debug|Any CPU.Build.0 = Debug|Any CPU
		{1C30F4A8-BC7C-4348-802B-EF2F52980942}.Release|Any CPU.ActiveCfg = Release|Any CPU
		{1C30F4A8-BC7C-4348-802B-EF2F52980942}.Release|Any CPU.Build.0 = Release|Any CPU
	EndGlobalSection
	GlobalSection(SolutionProperties) = preSolution
		HideSolutionNode = FALSE
	EndGlobalSection
	GlobalSection(ExtensibilityGlobals) = postSolution
		SolutionGuid = {7883E82E-305E-4E2F-8060-5A8125B3AFC2}
	EndGlobalSection
EndGlobal
